
Microsoft Visual Studio Solution File, Format Version 12.00
# Visual Studio Version 17
VisualStudioVersion = 17.0.31912.275
MinimumVisualStudioVersion = 10.0.40219.1
Project("{FAE04EC0-301F-11D3-BF4B-00C04F79EFBC}") = "BlazorGrpc.Server", "BlazorGrpc\Server\BlazorGrpc.Server.csproj", "{49DCA27A-B6DC-4F47-817D-F553137EAFC6}"
EndProject
Project("{FAE04EC0-301F-11D3-BF4B-00C04F79EFBC}") = "BlazorGrpc.Client", "BlazorGrpc\Client\BlazorGrpc.Client.csproj", "{5CD69CC4-AC02-4470-A689-B01B7FF6A4FB}"
EndProject
Project("{FAE04EC0-301F-11D3-BF4B-00C04F79EFBC}") = "BlazorGrpc.Shared", "BlazorGrpc\Shared\BlazorGrpc.Shared.csproj", "{632A933C-C966-4CD6-9CA5-4E714D212808}"
EndProject
Global
	GlobalSection(SolutionConfigurationPlatforms) = preSolution
		Debug|Any CPU = Debug|Any CPU
		Release|Any CPU = Release|Any CPU
	EndGlobalSection
	GlobalSection(ProjectConfigurationPlatforms) = postSolution
		{49DCA27A-B6DC-4F47-817D-F553137EAFC6}.Debug|Any CPU.ActiveCfg = Debug|Any CPU
		{49DCA27A-B6DC-4F47-817D-F553137EAFC6}.Debug|Any CPU.Build.0 = Debug|Any CPU
		{49DCA27A-B6DC-4F47-817D-F553137EAFC6}.Release|Any CPU.ActiveCfg = Release|Any CPU
		{49DCA27A-B6DC-4F47-817D-F553137EAFC6}.Release|Any CPU.Build.0 = Release|Any CPU
		{5CD69CC4-AC02-4470-A689-B01B7FF6A4FB}.Debug|Any CPU.ActiveCfg = Debug|Any CPU
		{5CD69CC4-AC02-4470-A689-B01B7FF6A4FB}.Debug|Any CPU.Build.0 = Debug|Any CPU
		{5CD69CC4-AC02-4470-A689-B01B7FF6A4FB}.Release|Any CPU.ActiveCfg = Release|Any CPU
		{5CD69CC4-AC02-4470-A689-B01B7FF6A4FB}.Release|Any CPU.Build.0 = Release|Any CPU
		{632A933C-C966-4CD6-9CA5-4E714D212808}.Debug|Any CPU.ActiveCfg = Debug|Any CPU
		{632A933C-C966-4CD6-9CA5-4E714D212808}.Debug|Any CPU.Build.0 = Debug|Any CPU
		{632A933C-C966-4CD6-9CA5-4E714D212808}.Release|Any CPU.ActiveCfg = Release|Any CPU
		{632A933C-C966-4CD6-9CA5-4E714D212808}.Release|Any CPU.Build.0 = Release|Any CPU
	EndGlobalSection
	GlobalSection(SolutionProperties) = preSolution
		HideSolutionNode = FALSE
	EndGlobalSection
	GlobalSection(ExtensibilityGlobals) = postSolution
		SolutionGuid = {0946D89D-C597-4262-9619-52F1DC5A279D}
	EndGlobalSection
EndGlobal
